// !$*UTF8*$!
{
	archiveVersion = 1;
	classes = {
	};
	objectVersion = 55;
	objects = {

/* Begin PBXBuildFile section */
		350052DD2907BCF600D70E47 /* VideosResponse.swift in Sources */ = {isa = PBXBuildFile; fileRef = 350052DC2907BCF600D70E47 /* VideosResponse.swift */; };
		350052E029080B3800D70E47 /* MovieVideosCollectionViewCell.swift in Sources */ = {isa = PBXBuildFile; fileRef = 350052DE29080B3800D70E47 /* MovieVideosCollectionViewCell.swift */; };
		350052E129080B3800D70E47 /* MovieVideosCollectionViewCell.xib in Resources */ = {isa = PBXBuildFile; fileRef = 350052DF29080B3800D70E47 /* MovieVideosCollectionViewCell.xib */; };
		350052E729081BD800D70E47 /* UICollectionView+Extension.swift in Sources */ = {isa = PBXBuildFile; fileRef = 350052E629081BD800D70E47 /* UICollectionView+Extension.swift */; };
		350052EA29081FA600D70E47 /* MovieCollectionViewCell.swift in Sources */ = {isa = PBXBuildFile; fileRef = 350052E829081FA600D70E47 /* MovieCollectionViewCell.swift */; };
		350052EB29081FA600D70E47 /* MovieCollectionViewCell.xib in Resources */ = {isa = PBXBuildFile; fileRef = 350052E929081FA600D70E47 /* MovieCollectionViewCell.xib */; };
		35037B3928BCB2EE006C5C6D /* UIViewController+Extension.swift in Sources */ = {isa = PBXBuildFile; fileRef = 35037B3828BCB2EE006C5C6D /* UIViewController+Extension.swift */; };
		3504877828ACCA5A002FDF41 /* UIView+Extension.swift in Sources */ = {isa = PBXBuildFile; fileRef = 3504877728ACCA5A002FDF41 /* UIView+Extension.swift */; };
		3505C6A729091BA40025A10D /* MovieMoreDetailsViewController.swift in Sources */ = {isa = PBXBuildFile; fileRef = 3505C6A529091BA40025A10D /* MovieMoreDetailsViewController.swift */; };
		3505C6A829091BA40025A10D /* MovieMoreDetailsViewController.xib in Resources */ = {isa = PBXBuildFile; fileRef = 3505C6A629091BA40025A10D /* MovieMoreDetailsViewController.xib */; };
		3516253428FD432900559D79 /* KeychainHelper.swift in Sources */ = {isa = PBXBuildFile; fileRef = 3516253328FD432900559D79 /* KeychainHelper.swift */; };
		3523139D28F6A9BE008F8AB7 /* AuthEndpoint.swift in Sources */ = {isa = PBXBuildFile; fileRef = 3523139C28F6A9BE008F8AB7 /* AuthEndpoint.swift */; };
		3523139F28F6ACBA008F8AB7 /* AuthService.swift in Sources */ = {isa = PBXBuildFile; fileRef = 3523139E28F6ACBA008F8AB7 /* AuthService.swift */; };
		352313A128F6B507008F8AB7 /* Session.swift in Sources */ = {isa = PBXBuildFile; fileRef = 352313A028F6B507008F8AB7 /* Session.swift */; };
		352313A328F6F302008F8AB7 /* Account.swift in Sources */ = {isa = PBXBuildFile; fileRef = 352313A228F6F302008F8AB7 /* Account.swift */; };
		352500A728F446E7004D691A /* SettingsViewController.swift in Sources */ = {isa = PBXBuildFile; fileRef = 352500A628F446E7004D691A /* SettingsViewController.swift */; };
		352500AA28F44BDB004D691A /* SettingsTableViewCell.swift in Sources */ = {isa = PBXBuildFile; fileRef = 352500A828F44BDB004D691A /* SettingsTableViewCell.swift */; };
		352500AB28F44BDB004D691A /* SettingsTableViewCell.xib in Resources */ = {isa = PBXBuildFile; fileRef = 352500A928F44BDB004D691A /* SettingsTableViewCell.xib */; };
		352AB7962906692900619D2F /* BarChartView.swift in Sources */ = {isa = PBXBuildFile; fileRef = 352AB7952906692900619D2F /* BarChartView.swift */; };
		3559B59328E1D49000AEC874 /* SortType.swift in Sources */ = {isa = PBXBuildFile; fileRef = 3559B59228E1D49000AEC874 /* SortType.swift */; };
		357D422E28B8BD7B00513C9F /* SimilarMovies.swift in Sources */ = {isa = PBXBuildFile; fileRef = 357D422D28B8BD7B00513C9F /* SimilarMovies.swift */; };
		358329BD28B6138300574C19 /* Double+Extension.swift in Sources */ = {isa = PBXBuildFile; fileRef = 358329BC28B6138300574C19 /* Double+Extension.swift */; };
		3589739E28AB7B7900D91903 /* MovieDetailsHeaderView.swift in Sources */ = {isa = PBXBuildFile; fileRef = 3589739D28AB7B7900D91903 /* MovieDetailsHeaderView.swift */; };
		358973A228AB99F400D91903 /* MovieDescriptionView.swift in Sources */ = {isa = PBXBuildFile; fileRef = 358973A128AB99F400D91903 /* MovieDescriptionView.swift */; };
		3592F6AA28AFBB2D00546BDE /* Endpoint.swift in Sources */ = {isa = PBXBuildFile; fileRef = 3592F6A928AFBB2D00546BDE /* Endpoint.swift */; };
		3592F6AC28AFBBF800546BDE /* HTTPMethod.swift in Sources */ = {isa = PBXBuildFile; fileRef = 3592F6AB28AFBBF800546BDE /* HTTPMethod.swift */; };
		3592F6AE28AFBD3000546BDE /* RequestError.swift in Sources */ = {isa = PBXBuildFile; fileRef = 3592F6AD28AFBD3000546BDE /* RequestError.swift */; };
		3592F6B028AFBDEE00546BDE /* HTTPClient.swift in Sources */ = {isa = PBXBuildFile; fileRef = 3592F6AF28AFBDEE00546BDE /* HTTPClient.swift */; };
		3592F6B528AFC50E00546BDE /* MoviesEndpoint.swift in Sources */ = {isa = PBXBuildFile; fileRef = 3592F6B428AFC50E00546BDE /* MoviesEndpoint.swift */; };
		3592F6B728AFC71000546BDE /* MoviesService.swift in Sources */ = {isa = PBXBuildFile; fileRef = 3592F6B628AFC71000546BDE /* MoviesService.swift */; };
		359D545F28A66A2C000D3430 /* Movie.swift in Sources */ = {isa = PBXBuildFile; fileRef = 359D545E28A66A2C000D3430 /* Movie.swift */; };
		35AC5ED528E59BC1000CA48B /* MovieCellDelegate.swift in Sources */ = {isa = PBXBuildFile; fileRef = 35AC5ED428E59BC1000CA48B /* MovieCellDelegate.swift */; };
		35AEAEA628CF2B300091F176 /* Favorites.xcdatamodeld in Sources */ = {isa = PBXBuildFile; fileRef = 35AEAEA428CF2B300091F176 /* Favorites.xcdatamodeld */; };
		35AFCA162901628000DAAC20 /* Float+Extension.swift in Sources */ = {isa = PBXBuildFile; fileRef = 35AFCA152901628000DAAC20 /* Float+Extension.swift */; };
		35AFCA182901644400DAAC20 /* UserManager.swift in Sources */ = {isa = PBXBuildFile; fileRef = 35AFCA172901644400DAAC20 /* UserManager.swift */; };
		35AFCA1A290166C400DAAC20 /* UIStackView+Extension.swift in Sources */ = {isa = PBXBuildFile; fileRef = 35AFCA19290166C400DAAC20 /* UIStackView+Extension.swift */; };
		35B3BD9C28B3605000CF388C /* MovieList.swift in Sources */ = {isa = PBXBuildFile; fileRef = 35B3BD9B28B3605000CF388C /* MovieList.swift */; };
		35B4443828E6C1D100E1865F /* MovieTableViewCell.swift in Sources */ = {isa = PBXBuildFile; fileRef = 35B4443728E6C1D100E1865F /* MovieTableViewCell.swift */; };
		35B4443C28E6C36F00E1865F /* MovieTableViewCell.xib in Resources */ = {isa = PBXBuildFile; fileRef = 35B4443B28E6C36F00E1865F /* MovieTableViewCell.xib */; };
		35B4443E28E6CBD000E1865F /* MovieDetailsView.xib in Resources */ = {isa = PBXBuildFile; fileRef = 35B4443D28E6CBD000E1865F /* MovieDetailsView.xib */; };
		35B4444028E6CC0600E1865F /* MovieDetailsView.swift in Sources */ = {isa = PBXBuildFile; fileRef = 35B4443F28E6CC0600E1865F /* MovieDetailsView.swift */; };
		35CCE8B328ED7C0E00E581C0 /* Keywords.swift in Sources */ = {isa = PBXBuildFile; fileRef = 35CCE8B228ED7C0E00E581C0 /* Keywords.swift */; };
		35CE93B728FFEB8F00FE29A5 /* RatingResponse.swift in Sources */ = {isa = PBXBuildFile; fileRef = 35CE93B628FFEB8F00FE29A5 /* RatingResponse.swift */; };
		35CFAE16290BCE0900144A99 /* Localizable.strings in Resources */ = {isa = PBXBuildFile; fileRef = 35CFAE18290BCE0900144A99 /* Localizable.strings */; };
		35CFAE1B290BE03800144A99 /* UILabel+Extension.swift in Sources */ = {isa = PBXBuildFile; fileRef = 35CFAE1A290BE03800144A99 /* UILabel+Extension.swift */; };
		35CFAE1D290BE15000144A99 /* UIButton+Extension.swift in Sources */ = {isa = PBXBuildFile; fileRef = 35CFAE1C290BE15000144A99 /* UIButton+Extension.swift */; };
		35CFAE1F290BE59E00144A99 /* UITextField+Extension.swift in Sources */ = {isa = PBXBuildFile; fileRef = 35CFAE1E290BE59E00144A99 /* UITextField+Extension.swift */; };
		35CFAE21290BE71E00144A99 /* UINavigationItem+Extension.swift in Sources */ = {isa = PBXBuildFile; fileRef = 35CFAE20290BE71E00144A99 /* UINavigationItem+Extension.swift */; };
		35D0A0FE28B3AD3D007C1ED6 /* ImageDownloader.swift in Sources */ = {isa = PBXBuildFile; fileRef = 35D0A0FD28B3AD3D007C1ED6 /* ImageDownloader.swift */; };
		35D5452228D0517A0025BDB0 /* FavoriteMoviesViewController.swift in Sources */ = {isa = PBXBuildFile; fileRef = 35D5452128D0517A0025BDB0 /* FavoriteMoviesViewController.swift */; };
		35D64C0029027E4200775196 /* ReviewsViewController.swift in Sources */ = {isa = PBXBuildFile; fileRef = 35D64BFE29027E4200775196 /* ReviewsViewController.swift */; };
		35D64C0129027E4200775196 /* ReviewsViewController.xib in Resources */ = {isa = PBXBuildFile; fileRef = 35D64BFF29027E4200775196 /* ReviewsViewController.xib */; };
		35D64C042902AA7800775196 /* ReviewsTableViewCell.swift in Sources */ = {isa = PBXBuildFile; fileRef = 35D64C022902AA7800775196 /* ReviewsTableViewCell.swift */; };
		35D64C052902AA7800775196 /* ReviewsTableViewCell.xib in Resources */ = {isa = PBXBuildFile; fileRef = 35D64C032902AA7800775196 /* ReviewsTableViewCell.xib */; };
		35D64C072902BCF000775196 /* Reviews.swift in Sources */ = {isa = PBXBuildFile; fileRef = 35D64C062902BCF000775196 /* Reviews.swift */; };
		35D7A05328EED0040092AC0D /* FilterResultsTableViewCell.swift in Sources */ = {isa = PBXBuildFile; fileRef = 35D7A05128EED0040092AC0D /* FilterResultsTableViewCell.swift */; };
		35D7A05428EED0040092AC0D /* FilterResultsTableViewCell.xib in Resources */ = {isa = PBXBuildFile; fileRef = 35D7A05228EED0040092AC0D /* FilterResultsTableViewCell.xib */; };
		35D8A72428FE85FB0046B350 /* Constants.swift in Sources */ = {isa = PBXBuildFile; fileRef = 35D8A72328FE85FB0046B350 /* Constants.swift */; };
		35D8A72C28FEB58B0046B350 /* AuthStatus.swift in Sources */ = {isa = PBXBuildFile; fileRef = 35D8A72B28FEB58B0046B350 /* AuthStatus.swift */; };
		35D8A72F28FEB7550046B350 /* RatingViewController.swift in Sources */ = {isa = PBXBuildFile; fileRef = 35D8A72D28FEB7550046B350 /* RatingViewController.swift */; };
		35D8A73028FEB7550046B350 /* RatingViewController.xib in Resources */ = {isa = PBXBuildFile; fileRef = 35D8A72E28FEB7550046B350 /* RatingViewController.xib */; };
		35DF8D7C28F038F70064E3D6 /* LogInViewController.swift in Sources */ = {isa = PBXBuildFile; fileRef = 35DF8D7B28F038F70064E3D6 /* LogInViewController.swift */; };
		35DF8D7E28F041BF0064E3D6 /* LogInResponse.swift in Sources */ = {isa = PBXBuildFile; fileRef = 35DF8D7D28F041BF0064E3D6 /* LogInResponse.swift */; };
		A201467928A3938600DD1CA8 /* AppDelegate.swift in Sources */ = {isa = PBXBuildFile; fileRef = A201467828A3938600DD1CA8 /* AppDelegate.swift */; };
		A201467B28A3938600DD1CA8 /* SceneDelegate.swift in Sources */ = {isa = PBXBuildFile; fileRef = A201467A28A3938600DD1CA8 /* SceneDelegate.swift */; };
		A201468028A3938600DD1CA8 /* Main.storyboard in Resources */ = {isa = PBXBuildFile; fileRef = A201467E28A3938600DD1CA8 /* Main.storyboard */; };
		A201468228A3938B00DD1CA8 /* Assets.xcassets in Resources */ = {isa = PBXBuildFile; fileRef = A201468128A3938B00DD1CA8 /* Assets.xcassets */; };
		A201468528A3938B00DD1CA8 /* LaunchScreen.storyboard in Resources */ = {isa = PBXBuildFile; fileRef = A201468328A3938B00DD1CA8 /* LaunchScreen.storyboard */; };
		A20F11BF28A67AD900CD4207 /* UITableView+Extension.swift in Sources */ = {isa = PBXBuildFile; fileRef = A20F11BE28A67AD900CD4207 /* UITableView+Extension.swift */; };
		A22C1C3228D8895600951828 /* CoreDataManager.swift in Sources */ = {isa = PBXBuildFile; fileRef = A22C1C3128D8895600951828 /* CoreDataManager.swift */; };
		A22C1C3528D8899D00951828 /* FavoriteMovie+CoreDataClass.swift in Sources */ = {isa = PBXBuildFile; fileRef = A22C1C3328D8899D00951828 /* FavoriteMovie+CoreDataClass.swift */; };
		A22C1C3628D8899D00951828 /* FavoriteMovie+CoreDataProperties.swift in Sources */ = {isa = PBXBuildFile; fileRef = A22C1C3428D8899D00951828 /* FavoriteMovie+CoreDataProperties.swift */; };
		A22C1C3828D8917700951828 /* FavoriteMoviesManager.swift in Sources */ = {isa = PBXBuildFile; fileRef = A22C1C3728D8917700951828 /* FavoriteMoviesManager.swift */; };
		A22C1C3A28D89C3900951828 /* Notification+name.swift in Sources */ = {isa = PBXBuildFile; fileRef = A22C1C3928D89C3900951828 /* Notification+name.swift */; };
		A22E186328ED5BBB0041D1D4 /* FilterResultsViewController.swift in Sources */ = {isa = PBXBuildFile; fileRef = A22E186128ED5BBB0041D1D4 /* FilterResultsViewController.swift */; };
		A22E186428ED5BBB0041D1D4 /* FilterResultsViewController.xib in Resources */ = {isa = PBXBuildFile; fileRef = A22E186228ED5BBB0041D1D4 /* FilterResultsViewController.xib */; };
		A230C99028B53D1500A10A8C /* String+Utils.swift in Sources */ = {isa = PBXBuildFile; fileRef = A230C98F28B53D1500A10A8C /* String+Utils.swift */; };
		A230C99228B6259200A10A8C /* URL+Extension.swift in Sources */ = {isa = PBXBuildFile; fileRef = A230C99128B6259200A10A8C /* URL+Extension.swift */; };
		A269401828AE30100040A726 /* MoviesViewController.swift in Sources */ = {isa = PBXBuildFile; fileRef = A269401628AE30100040A726 /* MoviesViewController.swift */; };
		A269401C28AE30620040A726 /* MovieDescriptionView.xib in Resources */ = {isa = PBXBuildFile; fileRef = A269401A28AE30620040A726 /* MovieDescriptionView.xib */; };
		A269401D28AE30620040A726 /* MovieDetailsHeaderView.xib in Resources */ = {isa = PBXBuildFile; fileRef = A269401B28AE30620040A726 /* MovieDetailsHeaderView.xib */; };
/* End PBXBuildFile section */

/* Begin PBXFileReference section */
		350052DC2907BCF600D70E47 /* VideosResponse.swift */ = {isa = PBXFileReference; lastKnownFileType = sourcecode.swift; path = VideosResponse.swift; sourceTree = "<group>"; };
		350052DE29080B3800D70E47 /* MovieVideosCollectionViewCell.swift */ = {isa = PBXFileReference; lastKnownFileType = sourcecode.swift; path = MovieVideosCollectionViewCell.swift; sourceTree = "<group>"; };
		350052DF29080B3800D70E47 /* MovieVideosCollectionViewCell.xib */ = {isa = PBXFileReference; lastKnownFileType = file.xib; path = MovieVideosCollectionViewCell.xib; sourceTree = "<group>"; };
		350052E629081BD800D70E47 /* UICollectionView+Extension.swift */ = {isa = PBXFileReference; lastKnownFileType = sourcecode.swift; path = "UICollectionView+Extension.swift"; sourceTree = "<group>"; };
		350052E829081FA600D70E47 /* MovieCollectionViewCell.swift */ = {isa = PBXFileReference; lastKnownFileType = sourcecode.swift; path = MovieCollectionViewCell.swift; sourceTree = "<group>"; };
		350052E929081FA600D70E47 /* MovieCollectionViewCell.xib */ = {isa = PBXFileReference; lastKnownFileType = file.xib; path = MovieCollectionViewCell.xib; sourceTree = "<group>"; };
		35037B3828BCB2EE006C5C6D /* UIViewController+Extension.swift */ = {isa = PBXFileReference; lastKnownFileType = sourcecode.swift; path = "UIViewController+Extension.swift"; sourceTree = "<group>"; };
		3504877728ACCA5A002FDF41 /* UIView+Extension.swift */ = {isa = PBXFileReference; lastKnownFileType = sourcecode.swift; path = "UIView+Extension.swift"; sourceTree = "<group>"; };
		3505C6A529091BA40025A10D /* MovieMoreDetailsViewController.swift */ = {isa = PBXFileReference; lastKnownFileType = sourcecode.swift; path = MovieMoreDetailsViewController.swift; sourceTree = "<group>"; };
		3505C6A629091BA40025A10D /* MovieMoreDetailsViewController.xib */ = {isa = PBXFileReference; lastKnownFileType = file.xib; path = MovieMoreDetailsViewController.xib; sourceTree = "<group>"; };
		3516253328FD432900559D79 /* KeychainHelper.swift */ = {isa = PBXFileReference; lastKnownFileType = sourcecode.swift; path = KeychainHelper.swift; sourceTree = "<group>"; };
		3523139C28F6A9BE008F8AB7 /* AuthEndpoint.swift */ = {isa = PBXFileReference; lastKnownFileType = sourcecode.swift; path = AuthEndpoint.swift; sourceTree = "<group>"; };
		3523139E28F6ACBA008F8AB7 /* AuthService.swift */ = {isa = PBXFileReference; lastKnownFileType = sourcecode.swift; path = AuthService.swift; sourceTree = "<group>"; };
		352313A028F6B507008F8AB7 /* Session.swift */ = {isa = PBXFileReference; lastKnownFileType = sourcecode.swift; path = Session.swift; sourceTree = "<group>"; };
		352313A228F6F302008F8AB7 /* Account.swift */ = {isa = PBXFileReference; lastKnownFileType = sourcecode.swift; path = Account.swift; sourceTree = "<group>"; };
		352500A628F446E7004D691A /* SettingsViewController.swift */ = {isa = PBXFileReference; lastKnownFileType = sourcecode.swift; path = SettingsViewController.swift; sourceTree = "<group>"; };
		352500A828F44BDB004D691A /* SettingsTableViewCell.swift */ = {isa = PBXFileReference; lastKnownFileType = sourcecode.swift; path = SettingsTableViewCell.swift; sourceTree = "<group>"; };
		352500A928F44BDB004D691A /* SettingsTableViewCell.xib */ = {isa = PBXFileReference; lastKnownFileType = file.xib; path = SettingsTableViewCell.xib; sourceTree = "<group>"; };
		352AB7952906692900619D2F /* BarChartView.swift */ = {isa = PBXFileReference; lastKnownFileType = sourcecode.swift; path = BarChartView.swift; sourceTree = "<group>"; };
		3559B59228E1D49000AEC874 /* SortType.swift */ = {isa = PBXFileReference; lastKnownFileType = sourcecode.swift; name = SortType.swift; path = MoviesApp/Views/SortType.swift; sourceTree = SOURCE_ROOT; };
		357D422D28B8BD7B00513C9F /* SimilarMovies.swift */ = {isa = PBXFileReference; lastKnownFileType = sourcecode.swift; name = SimilarMovies.swift; path = MoviesApp/Extensions/SimilarMovies.swift; sourceTree = SOURCE_ROOT; };
		358329BC28B6138300574C19 /* Double+Extension.swift */ = {isa = PBXFileReference; lastKnownFileType = sourcecode.swift; path = "Double+Extension.swift"; sourceTree = "<group>"; };
		3589739D28AB7B7900D91903 /* MovieDetailsHeaderView.swift */ = {isa = PBXFileReference; lastKnownFileType = sourcecode.swift; path = MovieDetailsHeaderView.swift; sourceTree = "<group>"; };
		358973A128AB99F400D91903 /* MovieDescriptionView.swift */ = {isa = PBXFileReference; lastKnownFileType = sourcecode.swift; path = MovieDescriptionView.swift; sourceTree = "<group>"; };
		3592F6A928AFBB2D00546BDE /* Endpoint.swift */ = {isa = PBXFileReference; lastKnownFileType = sourcecode.swift; path = Endpoint.swift; sourceTree = "<group>"; };
		3592F6AB28AFBBF800546BDE /* HTTPMethod.swift */ = {isa = PBXFileReference; lastKnownFileType = sourcecode.swift; path = HTTPMethod.swift; sourceTree = "<group>"; };
		3592F6AD28AFBD3000546BDE /* RequestError.swift */ = {isa = PBXFileReference; lastKnownFileType = sourcecode.swift; path = RequestError.swift; sourceTree = "<group>"; };
		3592F6AF28AFBDEE00546BDE /* HTTPClient.swift */ = {isa = PBXFileReference; lastKnownFileType = sourcecode.swift; path = HTTPClient.swift; sourceTree = "<group>"; };
		3592F6B428AFC50E00546BDE /* MoviesEndpoint.swift */ = {isa = PBXFileReference; lastKnownFileType = sourcecode.swift; path = MoviesEndpoint.swift; sourceTree = "<group>"; };
		3592F6B628AFC71000546BDE /* MoviesService.swift */ = {isa = PBXFileReference; lastKnownFileType = sourcecode.swift; path = MoviesService.swift; sourceTree = "<group>"; };
		359D545E28A66A2C000D3430 /* Movie.swift */ = {isa = PBXFileReference; lastKnownFileType = sourcecode.swift; name = Movie.swift; path = MoviesApp/Views/Movie.swift; sourceTree = SOURCE_ROOT; };
		35AC5ED428E59BC1000CA48B /* MovieCellDelegate.swift */ = {isa = PBXFileReference; lastKnownFileType = sourcecode.swift; path = MovieCellDelegate.swift; sourceTree = "<group>"; };
		35AEAEA528CF2B300091F176 /* Favorites.xcdatamodel */ = {isa = PBXFileReference; lastKnownFileType = wrapper.xcdatamodel; path = Favorites.xcdatamodel; sourceTree = "<group>"; };
		35AFCA152901628000DAAC20 /* Float+Extension.swift */ = {isa = PBXFileReference; lastKnownFileType = sourcecode.swift; path = "Float+Extension.swift"; sourceTree = "<group>"; };
		35AFCA172901644400DAAC20 /* UserManager.swift */ = {isa = PBXFileReference; lastKnownFileType = sourcecode.swift; path = UserManager.swift; sourceTree = "<group>"; };
		35AFCA19290166C400DAAC20 /* UIStackView+Extension.swift */ = {isa = PBXFileReference; lastKnownFileType = sourcecode.swift; path = "UIStackView+Extension.swift"; sourceTree = "<group>"; };
		35B3BD9B28B3605000CF388C /* MovieList.swift */ = {isa = PBXFileReference; lastKnownFileType = sourcecode.swift; name = MovieList.swift; path = MoviesApp/Network/Services/MovieList.swift; sourceTree = SOURCE_ROOT; };
		35B4443728E6C1D100E1865F /* MovieTableViewCell.swift */ = {isa = PBXFileReference; lastKnownFileType = sourcecode.swift; path = MovieTableViewCell.swift; sourceTree = "<group>"; };
		35B4443B28E6C36F00E1865F /* MovieTableViewCell.xib */ = {isa = PBXFileReference; lastKnownFileType = file.xib; path = MovieTableViewCell.xib; sourceTree = "<group>"; };
		35B4443D28E6CBD000E1865F /* MovieDetailsView.xib */ = {isa = PBXFileReference; lastKnownFileType = file.xib; path = MovieDetailsView.xib; sourceTree = "<group>"; };
		35B4443F28E6CC0600E1865F /* MovieDetailsView.swift */ = {isa = PBXFileReference; lastKnownFileType = sourcecode.swift; path = MovieDetailsView.swift; sourceTree = "<group>"; };
		35CCE8B228ED7C0E00E581C0 /* Keywords.swift */ = {isa = PBXFileReference; lastKnownFileType = sourcecode.swift; path = Keywords.swift; sourceTree = "<group>"; };
		35CE93B628FFEB8F00FE29A5 /* RatingResponse.swift */ = {isa = PBXFileReference; lastKnownFileType = sourcecode.swift; path = RatingResponse.swift; sourceTree = "<group>"; };
		35CFAE17290BCE0900144A99 /* en */ = {isa = PBXFileReference; lastKnownFileType = text.plist.strings; name = en; path = en.lproj/Localizable.strings; sourceTree = "<group>"; };
		35CFAE19290BCE5D00144A99 /* ro */ = {isa = PBXFileReference; lastKnownFileType = text.plist.strings; name = ro; path = ro.lproj/Localizable.strings; sourceTree = "<group>"; };
		35CFAE1A290BE03800144A99 /* UILabel+Extension.swift */ = {isa = PBXFileReference; lastKnownFileType = sourcecode.swift; path = "UILabel+Extension.swift"; sourceTree = "<group>"; };
		35CFAE1C290BE15000144A99 /* UIButton+Extension.swift */ = {isa = PBXFileReference; lastKnownFileType = sourcecode.swift; path = "UIButton+Extension.swift"; sourceTree = "<group>"; };
		35CFAE1E290BE59E00144A99 /* UITextField+Extension.swift */ = {isa = PBXFileReference; lastKnownFileType = sourcecode.swift; path = "UITextField+Extension.swift"; sourceTree = "<group>"; };
		35CFAE20290BE71E00144A99 /* UINavigationItem+Extension.swift */ = {isa = PBXFileReference; lastKnownFileType = sourcecode.swift; path = "UINavigationItem+Extension.swift"; sourceTree = "<group>"; };
		35D0A0FD28B3AD3D007C1ED6 /* ImageDownloader.swift */ = {isa = PBXFileReference; lastKnownFileType = sourcecode.swift; path = ImageDownloader.swift; sourceTree = "<group>"; };
		35D5452128D0517A0025BDB0 /* FavoriteMoviesViewController.swift */ = {isa = PBXFileReference; lastKnownFileType = sourcecode.swift; path = FavoriteMoviesViewController.swift; sourceTree = "<group>"; };
		35D64BFE29027E4200775196 /* ReviewsViewController.swift */ = {isa = PBXFileReference; lastKnownFileType = sourcecode.swift; path = ReviewsViewController.swift; sourceTree = "<group>"; };
		35D64BFF29027E4200775196 /* ReviewsViewController.xib */ = {isa = PBXFileReference; lastKnownFileType = file.xib; path = ReviewsViewController.xib; sourceTree = "<group>"; };
		35D64C022902AA7800775196 /* ReviewsTableViewCell.swift */ = {isa = PBXFileReference; lastKnownFileType = sourcecode.swift; path = ReviewsTableViewCell.swift; sourceTree = "<group>"; };
		35D64C032902AA7800775196 /* ReviewsTableViewCell.xib */ = {isa = PBXFileReference; lastKnownFileType = file.xib; path = ReviewsTableViewCell.xib; sourceTree = "<group>"; };
		35D64C062902BCF000775196 /* Reviews.swift */ = {isa = PBXFileReference; lastKnownFileType = sourcecode.swift; path = Reviews.swift; sourceTree = "<group>"; };
		35D7A05128EED0040092AC0D /* FilterResultsTableViewCell.swift */ = {isa = PBXFileReference; lastKnownFileType = sourcecode.swift; path = FilterResultsTableViewCell.swift; sourceTree = "<group>"; };
		35D7A05228EED0040092AC0D /* FilterResultsTableViewCell.xib */ = {isa = PBXFileReference; lastKnownFileType = file.xib; path = FilterResultsTableViewCell.xib; sourceTree = "<group>"; };
		35D8A72328FE85FB0046B350 /* Constants.swift */ = {isa = PBXFileReference; lastKnownFileType = sourcecode.swift; path = Constants.swift; sourceTree = "<group>"; };
		35D8A72B28FEB58B0046B350 /* AuthStatus.swift */ = {isa = PBXFileReference; lastKnownFileType = sourcecode.swift; path = AuthStatus.swift; sourceTree = "<group>"; };
		35D8A72D28FEB7550046B350 /* RatingViewController.swift */ = {isa = PBXFileReference; lastKnownFileType = sourcecode.swift; path = RatingViewController.swift; sourceTree = "<group>"; };
		35D8A72E28FEB7550046B350 /* RatingViewController.xib */ = {isa = PBXFileReference; lastKnownFileType = file.xib; path = RatingViewController.xib; sourceTree = "<group>"; };
		35DF8D7B28F038F70064E3D6 /* LogInViewController.swift */ = {isa = PBXFileReference; lastKnownFileType = sourcecode.swift; path = LogInViewController.swift; sourceTree = "<group>"; };
		35DF8D7D28F041BF0064E3D6 /* LogInResponse.swift */ = {isa = PBXFileReference; lastKnownFileType = sourcecode.swift; path = LogInResponse.swift; sourceTree = "<group>"; };
		A201467528A3938600DD1CA8 /* MoviesApp.app */ = {isa = PBXFileReference; explicitFileType = wrapper.application; includeInIndex = 0; path = MoviesApp.app; sourceTree = BUILT_PRODUCTS_DIR; };
		A201467828A3938600DD1CA8 /* AppDelegate.swift */ = {isa = PBXFileReference; lastKnownFileType = sourcecode.swift; path = AppDelegate.swift; sourceTree = "<group>"; };
		A201467A28A3938600DD1CA8 /* SceneDelegate.swift */ = {isa = PBXFileReference; lastKnownFileType = sourcecode.swift; path = SceneDelegate.swift; sourceTree = "<group>"; };
		A201467F28A3938600DD1CA8 /* Base */ = {isa = PBXFileReference; lastKnownFileType = file.storyboard; name = Base; path = Base.lproj/Main.storyboard; sourceTree = "<group>"; };
		A201468128A3938B00DD1CA8 /* Assets.xcassets */ = {isa = PBXFileReference; lastKnownFileType = folder.assetcatalog; path = Assets.xcassets; sourceTree = "<group>"; };
		A201468428A3938B00DD1CA8 /* Base */ = {isa = PBXFileReference; lastKnownFileType = file.storyboard; name = Base; path = Base.lproj/LaunchScreen.storyboard; sourceTree = "<group>"; };
		A201468628A3938B00DD1CA8 /* Info.plist */ = {isa = PBXFileReference; lastKnownFileType = text.plist.xml; path = Info.plist; sourceTree = "<group>"; };
		A20F11BE28A67AD900CD4207 /* UITableView+Extension.swift */ = {isa = PBXFileReference; lastKnownFileType = sourcecode.swift; path = "UITableView+Extension.swift"; sourceTree = "<group>"; };
		A22C1C3128D8895600951828 /* CoreDataManager.swift */ = {isa = PBXFileReference; fileEncoding = 4; lastKnownFileType = sourcecode.swift; path = CoreDataManager.swift; sourceTree = "<group>"; };
		A22C1C3328D8899D00951828 /* FavoriteMovie+CoreDataClass.swift */ = {isa = PBXFileReference; fileEncoding = 4; lastKnownFileType = sourcecode.swift; path = "FavoriteMovie+CoreDataClass.swift"; sourceTree = "<group>"; };
		A22C1C3428D8899D00951828 /* FavoriteMovie+CoreDataProperties.swift */ = {isa = PBXFileReference; fileEncoding = 4; lastKnownFileType = sourcecode.swift; path = "FavoriteMovie+CoreDataProperties.swift"; sourceTree = "<group>"; };
		A22C1C3728D8917700951828 /* FavoriteMoviesManager.swift */ = {isa = PBXFileReference; lastKnownFileType = sourcecode.swift; path = FavoriteMoviesManager.swift; sourceTree = "<group>"; };
		A22C1C3928D89C3900951828 /* Notification+name.swift */ = {isa = PBXFileReference; lastKnownFileType = sourcecode.swift; path = "Notification+name.swift"; sourceTree = "<group>"; };
		A22E186128ED5BBB0041D1D4 /* FilterResultsViewController.swift */ = {isa = PBXFileReference; lastKnownFileType = sourcecode.swift; path = FilterResultsViewController.swift; sourceTree = "<group>"; };
		A22E186228ED5BBB0041D1D4 /* FilterResultsViewController.xib */ = {isa = PBXFileReference; lastKnownFileType = file.xib; path = FilterResultsViewController.xib; sourceTree = "<group>"; };
		A230C98F28B53D1500A10A8C /* String+Utils.swift */ = {isa = PBXFileReference; lastKnownFileType = sourcecode.swift; path = "String+Utils.swift"; sourceTree = "<group>"; };
		A230C99128B6259200A10A8C /* URL+Extension.swift */ = {isa = PBXFileReference; lastKnownFileType = sourcecode.swift; path = "URL+Extension.swift"; sourceTree = "<group>"; };
		A269401628AE30100040A726 /* MoviesViewController.swift */ = {isa = PBXFileReference; fileEncoding = 4; lastKnownFileType = sourcecode.swift; path = MoviesViewController.swift; sourceTree = "<group>"; };
		A269401A28AE30620040A726 /* MovieDescriptionView.xib */ = {isa = PBXFileReference; fileEncoding = 4; lastKnownFileType = file.xib; path = MovieDescriptionView.xib; sourceTree = "<group>"; };
		A269401B28AE30620040A726 /* MovieDetailsHeaderView.xib */ = {isa = PBXFileReference; fileEncoding = 4; lastKnownFileType = file.xib; path = MovieDetailsHeaderView.xib; sourceTree = "<group>"; };
/* End PBXFileReference section */

/* Begin PBXFrameworksBuildPhase section */
		A201467228A3938600DD1CA8 /* Frameworks */ = {
			isa = PBXFrameworksBuildPhase;
			buildActionMask = 2147483647;
			files = (
			);
			runOnlyForDeploymentPostprocessing = 0;
		};
/* End PBXFrameworksBuildPhase section */

/* Begin PBXGroup section */
		3592F6A828AFBAD500546BDE /* Network */ = {
			isa = PBXGroup;
			children = (
				3592F6B128AFC4BC00546BDE /* Base */,
				3592F6B328AFC4F400546BDE /* Services */,
				3592F6B228AFC4DD00546BDE /* Endpoints */,
			);
			path = Network;
			sourceTree = "<group>";
		};
		3592F6B128AFC4BC00546BDE /* Base */ = {
			isa = PBXGroup;
			children = (
				3592F6A928AFBB2D00546BDE /* Endpoint.swift */,
				3592F6AB28AFBBF800546BDE /* HTTPMethod.swift */,
				3592F6AD28AFBD3000546BDE /* RequestError.swift */,
				3592F6AF28AFBDEE00546BDE /* HTTPClient.swift */,
				35D0A0FD28B3AD3D007C1ED6 /* ImageDownloader.swift */,
			);
			path = Base;
			sourceTree = "<group>";
		};
		3592F6B228AFC4DD00546BDE /* Endpoints */ = {
			isa = PBXGroup;
			children = (
				3592F6B428AFC50E00546BDE /* MoviesEndpoint.swift */,
				3523139C28F6A9BE008F8AB7 /* AuthEndpoint.swift */,
			);
			path = Endpoints;
			sourceTree = "<group>";
		};
		3592F6B328AFC4F400546BDE /* Services */ = {
			isa = PBXGroup;
			children = (
				3592F6B628AFC71000546BDE /* MoviesService.swift */,
				3523139E28F6ACBA008F8AB7 /* AuthService.swift */,
			);
			path = Services;
			sourceTree = "<group>";
		};
		35AC5ED328E59B93000CA48B /* Protocols */ = {
			isa = PBXGroup;
			children = (
				35AC5ED428E59BC1000CA48B /* MovieCellDelegate.swift */,
			);
			path = Protocols;
			sourceTree = "<group>";
		};
		35AEAEA728CF2B440091F176 /* CoreData */ = {
			isa = PBXGroup;
			children = (
				A22C1C3328D8899D00951828 /* FavoriteMovie+CoreDataClass.swift */,
				A22C1C3428D8899D00951828 /* FavoriteMovie+CoreDataProperties.swift */,
			);
			path = CoreData;
			sourceTree = "<group>";
		};
		35CFAE13290BCDD800144A99 /* Localizable */ = {
			isa = PBXGroup;
			children = (
				35CFAE18290BCE0900144A99 /* Localizable.strings */,
			);
			path = Localizable;
			sourceTree = "<group>";
		};
		35EAE29C28A3AD8B00A2D796 /* Views */ = {
			isa = PBXGroup;
			children = (
				358973A128AB99F400D91903 /* MovieDescriptionView.swift */,
				A269401A28AE30620040A726 /* MovieDescriptionView.xib */,
				3589739D28AB7B7900D91903 /* MovieDetailsHeaderView.swift */,
				A269401B28AE30620040A726 /* MovieDetailsHeaderView.xib */,
				35B4443F28E6CC0600E1865F /* MovieDetailsView.swift */,
				35B4443D28E6CBD000E1865F /* MovieDetailsView.xib */,
				35B4443728E6C1D100E1865F /* MovieTableViewCell.swift */,
				35B4443B28E6C36F00E1865F /* MovieTableViewCell.xib */,
				35D7A05128EED0040092AC0D /* FilterResultsTableViewCell.swift */,
				35D7A05228EED0040092AC0D /* FilterResultsTableViewCell.xib */,
				352500A828F44BDB004D691A /* SettingsTableViewCell.swift */,
				352500A928F44BDB004D691A /* SettingsTableViewCell.xib */,
				35D64C022902AA7800775196 /* ReviewsTableViewCell.swift */,
				35D64C032902AA7800775196 /* ReviewsTableViewCell.xib */,
				352AB7952906692900619D2F /* BarChartView.swift */,
				350052DE29080B3800D70E47 /* MovieVideosCollectionViewCell.swift */,
				350052DF29080B3800D70E47 /* MovieVideosCollectionViewCell.xib */,
				350052E829081FA600D70E47 /* MovieCollectionViewCell.swift */,
				350052E929081FA600D70E47 /* MovieCollectionViewCell.xib */,
			);
			path = Views;
			sourceTree = "<group>";
		};
		A201466C28A3938600DD1CA8 = {
			isa = PBXGroup;
			children = (
				A201467728A3938600DD1CA8 /* MoviesApp */,
				A201467628A3938600DD1CA8 /* Products */,
			);
			sourceTree = "<group>";
		};
		A201467628A3938600DD1CA8 /* Products */ = {
			isa = PBXGroup;
			children = (
				A201467528A3938600DD1CA8 /* MoviesApp.app */,
			);
			name = Products;
			sourceTree = "<group>";
		};
		A201467728A3938600DD1CA8 /* MoviesApp */ = {
			isa = PBXGroup;
			children = (
				35CFAE13290BCDD800144A99 /* Localizable */,
				35AC5ED328E59B93000CA48B /* Protocols */,
				35AEAEA728CF2B440091F176 /* CoreData */,
				3592F6A828AFBAD500546BDE /* Network */,
				A201469228A394C300DD1CA8 /* Enums */,
				35EAE29C28A3AD8B00A2D796 /* Views */,
				A201469028A394C300DD1CA8 /* Extensions */,
				A201468D28A394C300DD1CA8 /* Helpers */,
				A201468F28A394C300DD1CA8 /* Managers */,
				A201469128A394C300DD1CA8 /* Controllers */,
				A201468E28A394C300DD1CA8 /* Models */,
				A201467828A3938600DD1CA8 /* AppDelegate.swift */,
				A201467A28A3938600DD1CA8 /* SceneDelegate.swift */,
				A201467E28A3938600DD1CA8 /* Main.storyboard */,
				A201468128A3938B00DD1CA8 /* Assets.xcassets */,
				A201468328A3938B00DD1CA8 /* LaunchScreen.storyboard */,
				A201468628A3938B00DD1CA8 /* Info.plist */,
				35AEAEA428CF2B300091F176 /* Favorites.xcdatamodeld */,
			);
			path = MoviesApp;
			sourceTree = "<group>";
		};
		A201468D28A394C300DD1CA8 /* Helpers */ = {
			isa = PBXGroup;
			children = (
				3516253328FD432900559D79 /* KeychainHelper.swift */,
				35D8A72328FE85FB0046B350 /* Constants.swift */,
			);
			path = Helpers;
			sourceTree = "<group>";
		};
		A201468E28A394C300DD1CA8 /* Models */ = {
			isa = PBXGroup;
			children = (
				359D545E28A66A2C000D3430 /* Movie.swift */,
				35B3BD9B28B3605000CF388C /* MovieList.swift */,
				357D422D28B8BD7B00513C9F /* SimilarMovies.swift */,
				35CCE8B228ED7C0E00E581C0 /* Keywords.swift */,
				35DF8D7D28F041BF0064E3D6 /* LogInResponse.swift */,
				352313A028F6B507008F8AB7 /* Session.swift */,
				352313A228F6F302008F8AB7 /* Account.swift */,
				35CE93B628FFEB8F00FE29A5 /* RatingResponse.swift */,
				35D64C062902BCF000775196 /* Reviews.swift */,
				350052DC2907BCF600D70E47 /* VideosResponse.swift */,
			);
			path = Models;
			sourceTree = "<group>";
		};
		A201468F28A394C300DD1CA8 /* Managers */ = {
			isa = PBXGroup;
			children = (
				A22C1C3128D8895600951828 /* CoreDataManager.swift */,
				A22C1C3728D8917700951828 /* FavoriteMoviesManager.swift */,
				35AFCA172901644400DAAC20 /* UserManager.swift */,
			);
			path = Managers;
			sourceTree = "<group>";
		};
		A201469028A394C300DD1CA8 /* Extensions */ = {
			isa = PBXGroup;
			children = (
				A20F11BE28A67AD900CD4207 /* UITableView+Extension.swift */,
				3504877728ACCA5A002FDF41 /* UIView+Extension.swift */,
				A230C98F28B53D1500A10A8C /* String+Utils.swift */,
				A230C99128B6259200A10A8C /* URL+Extension.swift */,
				358329BC28B6138300574C19 /* Double+Extension.swift */,
				35037B3828BCB2EE006C5C6D /* UIViewController+Extension.swift */,
				A22C1C3928D89C3900951828 /* Notification+name.swift */,
				35AFCA152901628000DAAC20 /* Float+Extension.swift */,
				35AFCA19290166C400DAAC20 /* UIStackView+Extension.swift */,
				350052E629081BD800D70E47 /* UICollectionView+Extension.swift */,
				35CFAE1A290BE03800144A99 /* UILabel+Extension.swift */,
				35CFAE1C290BE15000144A99 /* UIButton+Extension.swift */,
				35CFAE1E290BE59E00144A99 /* UITextField+Extension.swift */,
				35CFAE20290BE71E00144A99 /* UINavigationItem+Extension.swift */,
			);
			path = Extensions;
			sourceTree = "<group>";
		};
		A201469128A394C300DD1CA8 /* Controllers */ = {
			isa = PBXGroup;
			children = (
				A269401628AE30100040A726 /* MoviesViewController.swift */,
				35D5452128D0517A0025BDB0 /* FavoriteMoviesViewController.swift */,
				A22E186128ED5BBB0041D1D4 /* FilterResultsViewController.swift */,
				A22E186228ED5BBB0041D1D4 /* FilterResultsViewController.xib */,
				352500A628F446E7004D691A /* SettingsViewController.swift */,
				35DF8D7B28F038F70064E3D6 /* LogInViewController.swift */,
				35D8A72D28FEB7550046B350 /* RatingViewController.swift */,
				35D8A72E28FEB7550046B350 /* RatingViewController.xib */,
				35D64BFE29027E4200775196 /* ReviewsViewController.swift */,
				35D64BFF29027E4200775196 /* ReviewsViewController.xib */,
				3505C6A529091BA40025A10D /* MovieMoreDetailsViewController.swift */,
				3505C6A629091BA40025A10D /* MovieMoreDetailsViewController.xib */,
			);
			path = Controllers;
			sourceTree = "<group>";
		};
		A201469228A394C300DD1CA8 /* Enums */ = {
			isa = PBXGroup;
			children = (
				3559B59228E1D49000AEC874 /* SortType.swift */,
				35D8A72B28FEB58B0046B350 /* AuthStatus.swift */,
			);
			path = Enums;
			sourceTree = "<group>";
		};
/* End PBXGroup section */

/* Begin PBXNativeTarget section */
		A201467428A3938600DD1CA8 /* MoviesApp */ = {
			isa = PBXNativeTarget;
			buildConfigurationList = A201468928A3938B00DD1CA8 /* Build configuration list for PBXNativeTarget "MoviesApp" */;
			buildPhases = (
				A201467128A3938600DD1CA8 /* Sources */,
				A201467228A3938600DD1CA8 /* Frameworks */,
				A201467328A3938600DD1CA8 /* Resources */,
			);
			buildRules = (
			);
			dependencies = (
			);
			name = MoviesApp;
			productName = MoviesApp;
			productReference = A201467528A3938600DD1CA8 /* MoviesApp.app */;
			productType = "com.apple.product-type.application";
		};
/* End PBXNativeTarget section */

/* Begin PBXProject section */
		A201466D28A3938600DD1CA8 /* Project object */ = {
			isa = PBXProject;
			attributes = {
				BuildIndependentTargetsInParallel = 1;
				LastSwiftUpdateCheck = 1340;
				LastUpgradeCheck = 1340;
				TargetAttributes = {
					A201467428A3938600DD1CA8 = {
						CreatedOnToolsVersion = 13.4;
					};
				};
			};
			buildConfigurationList = A201467028A3938600DD1CA8 /* Build configuration list for PBXProject "MoviesApp" */;
			compatibilityVersion = "Xcode 13.0";
			developmentRegion = en;
			hasScannedForEncodings = 0;
			knownRegions = (
				en,
				Base,
				ro,
			);
			mainGroup = A201466C28A3938600DD1CA8;
			productRefGroup = A201467628A3938600DD1CA8 /* Products */;
			projectDirPath = "";
			projectRoot = "";
			targets = (
				A201467428A3938600DD1CA8 /* MoviesApp */,
			);
		};
/* End PBXProject section */

/* Begin PBXResourcesBuildPhase section */
		A201467328A3938600DD1CA8 /* Resources */ = {
			isa = PBXResourcesBuildPhase;
			buildActionMask = 2147483647;
			files = (
				35CFAE16290BCE0900144A99 /* Localizable.strings in Resources */,
				A269401D28AE30620040A726 /* MovieDetailsHeaderView.xib in Resources */,
				35D8A73028FEB7550046B350 /* RatingViewController.xib in Resources */,
				A269401C28AE30620040A726 /* MovieDescriptionView.xib in Resources */,
				35B4443E28E6CBD000E1865F /* MovieDetailsView.xib in Resources */,
				35D64C052902AA7800775196 /* ReviewsTableViewCell.xib in Resources */,
				35D7A05428EED0040092AC0D /* FilterResultsTableViewCell.xib in Resources */,
				35B4443C28E6C36F00E1865F /* MovieTableViewCell.xib in Resources */,
				35D64C0129027E4200775196 /* ReviewsViewController.xib in Resources */,
				3505C6A829091BA40025A10D /* MovieMoreDetailsViewController.xib in Resources */,
				A201468528A3938B00DD1CA8 /* LaunchScreen.storyboard in Resources */,
				350052EB29081FA600D70E47 /* MovieCollectionViewCell.xib in Resources */,
				A201468228A3938B00DD1CA8 /* Assets.xcassets in Resources */,
				350052E129080B3800D70E47 /* MovieVideosCollectionViewCell.xib in Resources */,
				A201468028A3938600DD1CA8 /* Main.storyboard in Resources */,
				352500AB28F44BDB004D691A /* SettingsTableViewCell.xib in Resources */,
				A22E186428ED5BBB0041D1D4 /* FilterResultsViewController.xib in Resources */,
			);
			runOnlyForDeploymentPostprocessing = 0;
		};
/* End PBXResourcesBuildPhase section */

/* Begin PBXSourcesBuildPhase section */
		A201467128A3938600DD1CA8 /* Sources */ = {
			isa = PBXSourcesBuildPhase;
			buildActionMask = 2147483647;
			files = (
				35CFAE21290BE71E00144A99 /* UINavigationItem+Extension.swift in Sources */,
				3592F6AE28AFBD3000546BDE /* RequestError.swift in Sources */,
				3592F6AA28AFBB2D00546BDE /* Endpoint.swift in Sources */,
				3592F6B028AFBDEE00546BDE /* HTTPClient.swift in Sources */,
				3504877828ACCA5A002FDF41 /* UIView+Extension.swift in Sources */,
				350052E729081BD800D70E47 /* UICollectionView+Extension.swift in Sources */,
				A201467928A3938600DD1CA8 /* AppDelegate.swift in Sources */,
				35AFCA1A290166C400DAAC20 /* UIStackView+Extension.swift in Sources */,
				35CE93B728FFEB8F00FE29A5 /* RatingResponse.swift in Sources */,
				35AFCA162901628000DAAC20 /* Float+Extension.swift in Sources */,
				35CFAE1F290BE59E00144A99 /* UITextField+Extension.swift in Sources */,
				A22E186328ED5BBB0041D1D4 /* FilterResultsViewController.swift in Sources */,
				357D422E28B8BD7B00513C9F /* SimilarMovies.swift in Sources */,
				358973A228AB99F400D91903 /* MovieDescriptionView.swift in Sources */,
				35D8A72C28FEB58B0046B350 /* AuthStatus.swift in Sources */,
				35D7A05328EED0040092AC0D /* FilterResultsTableViewCell.swift in Sources */,
				A230C99028B53D1500A10A8C /* String+Utils.swift in Sources */,
				A22C1C3A28D89C3900951828 /* Notification+name.swift in Sources */,
				35CFAE1B290BE03800144A99 /* UILabel+Extension.swift in Sources */,
				35D5452228D0517A0025BDB0 /* FavoriteMoviesViewController.swift in Sources */,
				35B3BD9C28B3605000CF388C /* MovieList.swift in Sources */,
				A20F11BF28A67AD900CD4207 /* UITableView+Extension.swift in Sources */,
				A22C1C3228D8895600951828 /* CoreDataManager.swift in Sources */,
				352AB7962906692900619D2F /* BarChartView.swift in Sources */,
				359D545F28A66A2C000D3430 /* Movie.swift in Sources */,
				352500AA28F44BDB004D691A /* SettingsTableViewCell.swift in Sources */,
				A22C1C3628D8899D00951828 /* FavoriteMovie+CoreDataProperties.swift in Sources */,
				3592F6AC28AFBBF800546BDE /* HTTPMethod.swift in Sources */,
				35037B3928BCB2EE006C5C6D /* UIViewController+Extension.swift in Sources */,
				3592F6B528AFC50E00546BDE /* MoviesEndpoint.swift in Sources */,
				3589739E28AB7B7900D91903 /* MovieDetailsHeaderView.swift in Sources */,
				352500A728F446E7004D691A /* SettingsViewController.swift in Sources */,
				35DF8D7E28F041BF0064E3D6 /* LogInResponse.swift in Sources */,
				35CFAE1D290BE15000144A99 /* UIButton+Extension.swift in Sources */,
				3559B59328E1D49000AEC874 /* SortType.swift in Sources */,
				35CCE8B328ED7C0E00E581C0 /* Keywords.swift in Sources */,
				A22C1C3528D8899D00951828 /* FavoriteMovie+CoreDataClass.swift in Sources */,
				3516253428FD432900559D79 /* KeychainHelper.swift in Sources */,
				350052E029080B3800D70E47 /* MovieVideosCollectionViewCell.swift in Sources */,
				35D8A72F28FEB7550046B350 /* RatingViewController.swift in Sources */,
				3523139F28F6ACBA008F8AB7 /* AuthService.swift in Sources */,
				3505C6A729091BA40025A10D /* MovieMoreDetailsViewController.swift in Sources */,
				358329BD28B6138300574C19 /* Double+Extension.swift in Sources */,
				35D64C042902AA7800775196 /* ReviewsTableViewCell.swift in Sources */,
				352313A328F6F302008F8AB7 /* Account.swift in Sources */,
				35D64C072902BCF000775196 /* Reviews.swift in Sources */,
				35B4444028E6CC0600E1865F /* MovieDetailsView.swift in Sources */,
				35AEAEA628CF2B300091F176 /* Favorites.xcdatamodeld in Sources */,
				352313A128F6B507008F8AB7 /* Session.swift in Sources */,
				3592F6B728AFC71000546BDE /* MoviesService.swift in Sources */,
				35D0A0FE28B3AD3D007C1ED6 /* ImageDownloader.swift in Sources */,
				35D8A72428FE85FB0046B350 /* Constants.swift in Sources */,
				350052DD2907BCF600D70E47 /* VideosResponse.swift in Sources */,
				A201467B28A3938600DD1CA8 /* SceneDelegate.swift in Sources */,
				35DF8D7C28F038F70064E3D6 /* LogInViewController.swift in Sources */,
				A230C99228B6259200A10A8C /* URL+Extension.swift in Sources */,
				35AFCA182901644400DAAC20 /* UserManager.swift in Sources */,
				3523139D28F6A9BE008F8AB7 /* AuthEndpoint.swift in Sources */,
				A269401828AE30100040A726 /* MoviesViewController.swift in Sources */,
				35D64C0029027E4200775196 /* ReviewsViewController.swift in Sources */,
				350052EA29081FA600D70E47 /* MovieCollectionViewCell.swift in Sources */,
				A22C1C3828D8917700951828 /* FavoriteMoviesManager.swift in Sources */,
				35AC5ED528E59BC1000CA48B /* MovieCellDelegate.swift in Sources */,
				35B4443828E6C1D100E1865F /* MovieTableViewCell.swift in Sources */,
			);
			runOnlyForDeploymentPostprocessing = 0;
		};
/* End PBXSourcesBuildPhase section */

/* Begin PBXVariantGroup section */
		35CFAE18290BCE0900144A99 /* Localizable.strings */ = {
			isa = PBXVariantGroup;
			children = (
				35CFAE17290BCE0900144A99 /* en */,
				35CFAE19290BCE5D00144A99 /* ro */,
			);
			name = Localizable.strings;
			sourceTree = "<group>";
		};
		A201467E28A3938600DD1CA8 /* Main.storyboard */ = {
			isa = PBXVariantGroup;
			children = (
				A201467F28A3938600DD1CA8 /* Base */,
			);
			name = Main.storyboard;
			sourceTree = "<group>";
		};
		A201468328A3938B00DD1CA8 /* LaunchScreen.storyboard */ = {
			isa = PBXVariantGroup;
			children = (
				A201468428A3938B00DD1CA8 /* Base */,
			);
			name = LaunchScreen.storyboard;
			sourceTree = "<group>";
		};
/* End PBXVariantGroup section */

/* Begin XCBuildConfiguration section */
		A201468728A3938B00DD1CA8 /* Debug */ = {
			isa = XCBuildConfiguration;
			buildSettings = {
				ALWAYS_SEARCH_USER_PATHS = NO;
				CLANG_ANALYZER_LOCALIZABILITY_NONLOCALIZED = YES;
				CLANG_ANALYZER_NONNULL = YES;
				CLANG_ANALYZER_NUMBER_OBJECT_CONVERSION = YES_AGGRESSIVE;
				CLANG_CXX_LANGUAGE_STANDARD = "gnu++17";
				CLANG_ENABLE_MODULES = YES;
				CLANG_ENABLE_OBJC_ARC = YES;
				CLANG_ENABLE_OBJC_WEAK = YES;
				CLANG_WARN_BLOCK_CAPTURE_AUTORELEASING = YES;
				CLANG_WARN_BOOL_CONVERSION = YES;
				CLANG_WARN_COMMA = YES;
				CLANG_WARN_CONSTANT_CONVERSION = YES;
				CLANG_WARN_DEPRECATED_OBJC_IMPLEMENTATIONS = YES;
				CLANG_WARN_DIRECT_OBJC_ISA_USAGE = YES_ERROR;
				CLANG_WARN_DOCUMENTATION_COMMENTS = YES;
				CLANG_WARN_EMPTY_BODY = YES;
				CLANG_WARN_ENUM_CONVERSION = YES;
				CLANG_WARN_INFINITE_RECURSION = YES;
				CLANG_WARN_INT_CONVERSION = YES;
				CLANG_WARN_NON_LITERAL_NULL_CONVERSION = YES;
				CLANG_WARN_OBJC_IMPLICIT_RETAIN_SELF = YES;
				CLANG_WARN_OBJC_LITERAL_CONVERSION = YES;
				CLANG_WARN_OBJC_ROOT_CLASS = YES_ERROR;
				CLANG_WARN_QUOTED_INCLUDE_IN_FRAMEWORK_HEADER = YES;
				CLANG_WARN_RANGE_LOOP_ANALYSIS = YES;
				CLANG_WARN_STRICT_PROTOTYPES = YES;
				CLANG_WARN_SUSPICIOUS_MOVE = YES;
				CLANG_WARN_UNGUARDED_AVAILABILITY = YES_AGGRESSIVE;
				CLANG_WARN_UNREACHABLE_CODE = YES;
				CLANG_WARN__DUPLICATE_METHOD_MATCH = YES;
				COPY_PHASE_STRIP = NO;
				DEBUG_INFORMATION_FORMAT = dwarf;
				ENABLE_STRICT_OBJC_MSGSEND = YES;
				ENABLE_TESTABILITY = YES;
				GCC_C_LANGUAGE_STANDARD = gnu11;
				GCC_DYNAMIC_NO_PIC = NO;
				GCC_NO_COMMON_BLOCKS = YES;
				GCC_OPTIMIZATION_LEVEL = 0;
				GCC_PREPROCESSOR_DEFINITIONS = (
					"DEBUG=1",
					"$(inherited)",
				);
				GCC_WARN_64_TO_32_BIT_CONVERSION = YES;
				GCC_WARN_ABOUT_RETURN_TYPE = YES_ERROR;
				GCC_WARN_UNDECLARED_SELECTOR = YES;
				GCC_WARN_UNINITIALIZED_AUTOS = YES_AGGRESSIVE;
				GCC_WARN_UNUSED_FUNCTION = YES;
				GCC_WARN_UNUSED_VARIABLE = YES;
				IPHONEOS_DEPLOYMENT_TARGET = 15.5;
				MTL_ENABLE_DEBUG_INFO = INCLUDE_SOURCE;
				MTL_FAST_MATH = YES;
				ONLY_ACTIVE_ARCH = YES;
				SDKROOT = iphoneos;
				SWIFT_ACTIVE_COMPILATION_CONDITIONS = DEBUG;
				SWIFT_OPTIMIZATION_LEVEL = "-Onone";
			};
			name = Debug;
		};
		A201468828A3938B00DD1CA8 /* Release */ = {
			isa = XCBuildConfiguration;
			buildSettings = {
				ALWAYS_SEARCH_USER_PATHS = NO;
				CLANG_ANALYZER_LOCALIZABILITY_NONLOCALIZED = YES;
				CLANG_ANALYZER_NONNULL = YES;
				CLANG_ANALYZER_NUMBER_OBJECT_CONVERSION = YES_AGGRESSIVE;
				CLANG_CXX_LANGUAGE_STANDARD = "gnu++17";
				CLANG_ENABLE_MODULES = YES;
				CLANG_ENABLE_OBJC_ARC = YES;
				CLANG_ENABLE_OBJC_WEAK = YES;
				CLANG_WARN_BLOCK_CAPTURE_AUTORELEASING = YES;
				CLANG_WARN_BOOL_CONVERSION = YES;
				CLANG_WARN_COMMA = YES;
				CLANG_WARN_CONSTANT_CONVERSION = YES;
				CLANG_WARN_DEPRECATED_OBJC_IMPLEMENTATIONS = YES;
				CLANG_WARN_DIRECT_OBJC_ISA_USAGE = YES_ERROR;
				CLANG_WARN_DOCUMENTATION_COMMENTS = YES;
				CLANG_WARN_EMPTY_BODY = YES;
				CLANG_WARN_ENUM_CONVERSION = YES;
				CLANG_WARN_INFINITE_RECURSION = YES;
				CLANG_WARN_INT_CONVERSION = YES;
				CLANG_WARN_NON_LITERAL_NULL_CONVERSION = YES;
				CLANG_WARN_OBJC_IMPLICIT_RETAIN_SELF = YES;
				CLANG_WARN_OBJC_LITERAL_CONVERSION = YES;
				CLANG_WARN_OBJC_ROOT_CLASS = YES_ERROR;
				CLANG_WARN_QUOTED_INCLUDE_IN_FRAMEWORK_HEADER = YES;
				CLANG_WARN_RANGE_LOOP_ANALYSIS = YES;
				CLANG_WARN_STRICT_PROTOTYPES = YES;
				CLANG_WARN_SUSPICIOUS_MOVE = YES;
				CLANG_WARN_UNGUARDED_AVAILABILITY = YES_AGGRESSIVE;
				CLANG_WARN_UNREACHABLE_CODE = YES;
				CLANG_WARN__DUPLICATE_METHOD_MATCH = YES;
				COPY_PHASE_STRIP = NO;
				DEBUG_INFORMATION_FORMAT = "dwarf-with-dsym";
				ENABLE_NS_ASSERTIONS = NO;
				ENABLE_STRICT_OBJC_MSGSEND = YES;
				GCC_C_LANGUAGE_STANDARD = gnu11;
				GCC_NO_COMMON_BLOCKS = YES;
				GCC_WARN_64_TO_32_BIT_CONVERSION = YES;
				GCC_WARN_ABOUT_RETURN_TYPE = YES_ERROR;
				GCC_WARN_UNDECLARED_SELECTOR = YES;
				GCC_WARN_UNINITIALIZED_AUTOS = YES_AGGRESSIVE;
				GCC_WARN_UNUSED_FUNCTION = YES;
				GCC_WARN_UNUSED_VARIABLE = YES;
				IPHONEOS_DEPLOYMENT_TARGET = 15.5;
				MTL_ENABLE_DEBUG_INFO = NO;
				MTL_FAST_MATH = YES;
				SDKROOT = iphoneos;
				SWIFT_COMPILATION_MODE = wholemodule;
				SWIFT_OPTIMIZATION_LEVEL = "-O";
				VALIDATE_PRODUCT = YES;
			};
			name = Release;
		};
		A201468A28A3938B00DD1CA8 /* Debug */ = {
			isa = XCBuildConfiguration;
			buildSettings = {
				ASSETCATALOG_COMPILER_APPICON_NAME = AppIcon;
				ASSETCATALOG_COMPILER_GLOBAL_ACCENT_COLOR_NAME = AccentColor;
				CODE_SIGN_STYLE = Automatic;
				CURRENT_PROJECT_VERSION = 1;
				GENERATE_INFOPLIST_FILE = YES;
				INFOPLIST_FILE = MoviesApp/Info.plist;
				INFOPLIST_KEY_UIApplicationSupportsIndirectInputEvents = YES;
				INFOPLIST_KEY_UILaunchStoryboardName = LaunchScreen;
				INFOPLIST_KEY_UIMainStoryboardFile = Main;
				INFOPLIST_KEY_UISupportedInterfaceOrientations_iPad = "UIInterfaceOrientationPortrait UIInterfaceOrientationPortraitUpsideDown UIInterfaceOrientationLandscapeLeft UIInterfaceOrientationLandscapeRight";
				INFOPLIST_KEY_UISupportedInterfaceOrientations_iPhone = "UIInterfaceOrientationPortrait UIInterfaceOrientationLandscapeLeft UIInterfaceOrientationLandscapeRight";
				LD_RUNPATH_SEARCH_PATHS = (
					"$(inherited)",
					"@executable_path/Frameworks",
				);
				MARKETING_VERSION = 1.0;
				PRODUCT_BUNDLE_IDENTIFIER = com.softvision.moviesapp.MoviesApp;
				PRODUCT_NAME = "$(TARGET_NAME)";
				SWIFT_EMIT_LOC_STRINGS = YES;
				SWIFT_VERSION = 5.0;
				TARGETED_DEVICE_FAMILY = "1,2";
			};
			name = Debug;
		};
		A201468B28A3938B00DD1CA8 /* Release */ = {
			isa = XCBuildConfiguration;
			buildSettings = {
				ASSETCATALOG_COMPILER_APPICON_NAME = AppIcon;
				ASSETCATALOG_COMPILER_GLOBAL_ACCENT_COLOR_NAME = AccentColor;
				CODE_SIGN_STYLE = Automatic;
				CURRENT_PROJECT_VERSION = 1;
				GENERATE_INFOPLIST_FILE = YES;
				INFOPLIST_FILE = MoviesApp/Info.plist;
				INFOPLIST_KEY_UIApplicationSupportsIndirectInputEvents = YES;
				INFOPLIST_KEY_UILaunchStoryboardName = LaunchScreen;
				INFOPLIST_KEY_UIMainStoryboardFile = Main;
				INFOPLIST_KEY_UISupportedInterfaceOrientations_iPad = "UIInterfaceOrientationPortrait UIInterfaceOrientationPortraitUpsideDown UIInterfaceOrientationLandscapeLeft UIInterfaceOrientationLandscapeRight";
				INFOPLIST_KEY_UISupportedInterfaceOrientations_iPhone = "UIInterfaceOrientationPortrait UIInterfaceOrientationLandscapeLeft UIInterfaceOrientationLandscapeRight";
				LD_RUNPATH_SEARCH_PATHS = (
					"$(inherited)",
					"@executable_path/Frameworks",
				);
				MARKETING_VERSION = 1.0;
				PRODUCT_BUNDLE_IDENTIFIER = com.softvision.moviesapp.MoviesApp;
				PRODUCT_NAME = "$(TARGET_NAME)";
				SWIFT_EMIT_LOC_STRINGS = YES;
				SWIFT_VERSION = 5.0;
				TARGETED_DEVICE_FAMILY = "1,2";
			};
			name = Release;
		};
/* End XCBuildConfiguration section */

/* Begin XCConfigurationList section */
		A201467028A3938600DD1CA8 /* Build configuration list for PBXProject "MoviesApp" */ = {
			isa = XCConfigurationList;
			buildConfigurations = (
				A201468728A3938B00DD1CA8 /* Debug */,
				A201468828A3938B00DD1CA8 /* Release */,
			);
			defaultConfigurationIsVisible = 0;
			defaultConfigurationName = Release;
		};
		A201468928A3938B00DD1CA8 /* Build configuration list for PBXNativeTarget "MoviesApp" */ = {
			isa = XCConfigurationList;
			buildConfigurations = (
				A201468A28A3938B00DD1CA8 /* Debug */,
				A201468B28A3938B00DD1CA8 /* Release */,
			);
			defaultConfigurationIsVisible = 0;
			defaultConfigurationName = Release;
		};
/* End XCConfigurationList section */

/* Begin XCVersionGroup section */
		35AEAEA428CF2B300091F176 /* Favorites.xcdatamodeld */ = {
			isa = XCVersionGroup;
			children = (
				35AEAEA528CF2B300091F176 /* Favorites.xcdatamodel */,
			);
			currentVersion = 35AEAEA528CF2B300091F176 /* Favorites.xcdatamodel */;
			path = Favorites.xcdatamodeld;
			sourceTree = "<group>";
			versionGroupType = wrapper.xcdatamodel;
		};
/* End XCVersionGroup section */
	};
	rootObject = A201466D28A3938600DD1CA8 /* Project object */;
}
